
Microsoft Visual Studio Solution File, Format Version 12.00
# Visual Studio 15
VisualStudioVersion = 15.0.27703.2018
MinimumVisualStudioVersion = 10.0.40219.1
Project("{FAE04EC0-301F-11D3-BF4B-00C04F79EFBC}") = "mcc", "mcc\mcc.csproj", "{B0335713-7C5D-4C36-A8C7-599F65A6C482}"
EndProject
Global
	GlobalSection(SolutionConfigurationPlatforms) = preSolution
		Debug|Any CPU = Debug|Any CPU
		Release|Any CPU = Release|Any CPU
	EndGlobalSection
	GlobalSection(ProjectConfigurationPlatforms) = postSolution
		{B0335713-7C5D-4C36-A8C7-599F65A6C482}.Debug|Any CPU.ActiveCfg = Debug|Any CPU
		{B0335713-7C5D-4C36-A8C7-599F65A6C482}.Debug|Any CPU.Build.0 = Debug|Any CPU
		{B0335713-7C5D-4C36-A8C7-599F65A6C482}.Release|Any CPU.ActiveCfg = Release|Any CPU
		{B0335713-7C5D-4C36-A8C7-599F65A6C482}.Release|Any CPU.Build.0 = Release|Any CPU
	EndGlobalSection
	GlobalSection(SolutionProperties) = preSolution
		HideSolutionNode = FALSE
	EndGlobalSection
	GlobalSection(ExtensibilityGlobals) = postSolution
		SolutionGuid = {FBAB9C72-9979-410B-9D0C-61002A5B726F}
	EndGlobalSection
EndGlobal
